// !$*UTF8*$!
{
	archiveVersion = 1;
	classes = {
	};
	objectVersion = 46;
	objects = {

/* Begin PBXBuildFile section */
		7986922F1940DA50001BA84E /* main.m in Sources */ = {isa = PBXBuildFile; fileRef = 7986922E1940DA50001BA84E /* main.m */; };
		798692321940DA50001BA84E /* AppDelegate.m in Sources */ = {isa = PBXBuildFile; fileRef = 798692311940DA50001BA84E /* AppDelegate.m */; };
		798692351940DA50001BA84E /* ViewController.m in Sources */ = {isa = PBXBuildFile; fileRef = 798692341940DA50001BA84E /* ViewController.m */; };
		798692381940DA50001BA84E /* Main.storyboard in Resources */ = {isa = PBXBuildFile; fileRef = 798692361940DA50001BA84E /* Main.storyboard */; };
		7986923A1940DA50001BA84E /* Images.xcassets in Resources */ = {isa = PBXBuildFile; fileRef = 798692391940DA50001BA84E /* Images.xcassets */; };
		798692461940DA50001BA84E /* Migration_TestTests.m in Sources */ = {isa = PBXBuildFile; fileRef = 798692451940DA50001BA84E /* Migration_TestTests.m */; };
		798692521940DAE9001BA84E /* Swift.swift in Sources */ = {isa = PBXBuildFile; fileRef = 798692511940DAE9001BA84E /* Swift.swift */; };
		798692531940DAE9001BA84E /* Swift.swift in Sources */ = {isa = PBXBuildFile; fileRef = 798692511940DAE9001BA84E /* Swift.swift */; };
		798692551940DB15001BA84E /* ObjC.m in Sources */ = {isa = PBXBuildFile; fileRef = 798692541940DB15001BA84E /* ObjC.m */; };
		798692561940DB15001BA84E /* ObjC.m in Sources */ = {isa = PBXBuildFile; fileRef = 798692541940DB15001BA84E /* ObjC.m */; };
/* End PBXBuildFile section */

/* Begin PBXContainerItemProxy section */
		798692401940DA50001BA84E /* PBXContainerItemProxy */ = {
			isa = PBXContainerItemProxy;
			containerPortal = 798692211940DA50001BA84E /* Project object */;
			proxyType = 1;
			remoteGlobalIDString = 798692281940DA50001BA84E;
			remoteInfo = "Migration-Test";
		};
/* End PBXContainerItemProxy section */

/* Begin PBXFileReference section */
		798692291940DA50001BA84E /* Migration-Test.app */ = {isa = PBXFileReference; explicitFileType = wrapper.application; includeInIndex = 0; path = "Migration-Test.app"; sourceTree = BUILT_PRODUCTS_DIR; };
		7986922D1940DA50001BA84E /* Info.plist */ = {isa = PBXFileReference; lastKnownFileType = text.plist.xml; path = Info.plist; sourceTree = "<group>"; };
		7986922E1940DA50001BA84E /* main.m */ = {isa = PBXFileReference; lastKnownFileType = sourcecode.c.objc; path = main.m; sourceTree = "<group>"; };
		798692301940DA50001BA84E /* AppDelegate.h */ = {isa = PBXFileReference; lastKnownFileType = sourcecode.c.h; path = AppDelegate.h; sourceTree = "<group>"; };
		798692311940DA50001BA84E /* AppDelegate.m */ = {isa = PBXFileReference; lastKnownFileType = sourcecode.c.objc; path = AppDelegate.m; sourceTree = "<group>"; };
		798692331940DA50001BA84E /* ViewController.h */ = {isa = PBXFileReference; lastKnownFileType = sourcecode.c.h; path = ViewController.h; sourceTree = "<group>"; };
		798692341940DA50001BA84E /* ViewController.m */ = {isa = PBXFileReference; lastKnownFileType = sourcecode.c.objc; path = ViewController.m; sourceTree = "<group>"; };
		798692371940DA50001BA84E /* Base */ = {isa = PBXFileReference; lastKnownFileType = file.storyboard; name = Base; path = Base.lproj/Main.storyboard; sourceTree = "<group>"; };
		798692391940DA50001BA84E /* Images.xcassets */ = {isa = PBXFileReference; lastKnownFileType = folder.assetcatalog; path = Images.xcassets; sourceTree = "<group>"; };
		7986923F1940DA50001BA84E /* Migration-TestTests.xctest */ = {isa = PBXFileReference; explicitFileType = wrapper.cfbundle; includeInIndex = 0; path = "Migration-TestTests.xctest"; sourceTree = BUILT_PRODUCTS_DIR; };
		798692441940DA50001BA84E /* Info.plist */ = {isa = PBXFileReference; lastKnownFileType = text.plist.xml; path = Info.plist; sourceTree = "<group>"; };
		798692451940DA50001BA84E /* Migration_TestTests.m */ = {isa = PBXFileReference; lastKnownFileType = sourcecode.c.objc; path = Migration_TestTests.m; sourceTree = "<group>"; };
		7986924F1940DAE8001BA84E /* Migration-Test-Bridging-Header.h */ = {isa = PBXFileReference; lastKnownFileType = sourcecode.c.h; path = "Migration-Test-Bridging-Header.h"; sourceTree = "<group>"; };
		798692501940DAE9001BA84E /* Migration-TestTests-Bridging-Header.h */ = {isa = PBXFileReference; lastKnownFileType = sourcecode.c.h; path = "Migration-TestTests-Bridging-Header.h"; sourceTree = "<group>"; };
		798692511940DAE9001BA84E /* Swift.swift */ = {isa = PBXFileReference; fileEncoding = 4; lastKnownFileType = sourcecode.swift; path = Swift.swift; sourceTree = "<group>"; };
		798692541940DB15001BA84E /* ObjC.m */ = {isa = PBXFileReference; fileEncoding = 4; lastKnownFileType = sourcecode.c.objc; path = ObjC.m; sourceTree = "<group>"; };
		798692571940DB23001BA84E /* ObjC.h */ = {isa = PBXFileReference; lastKnownFileType = sourcecode.c.h; path = ObjC.h; sourceTree = "<group>"; };
/* End PBXFileReference section */

/* Begin PBXFrameworksBuildPhase section */
		798692261940DA50001BA84E /* Frameworks */ = {
			isa = PBXFrameworksBuildPhase;
			buildActionMask = 2147483647;
			files = (
			);
			runOnlyForDeploymentPostprocessing = 0;
		};
		7986923C1940DA50001BA84E /* Frameworks */ = {
			isa = PBXFrameworksBuildPhase;
			buildActionMask = 2147483647;
			files = (
			);
			runOnlyForDeploymentPostprocessing = 0;
		};
/* End PBXFrameworksBuildPhase section */

/* Begin PBXGroup section */
		798692201940DA50001BA84E = {
			isa = PBXGroup;
			children = (
				7986922B1940DA50001BA84E /* Migration-Test */,
				798692421940DA50001BA84E /* Migration-TestTests */,
				7986922A1940DA50001BA84E /* Products */,
			);
			sourceTree = "<group>";
		};
		7986922A1940DA50001BA84E /* Products */ = {
			isa = PBXGroup;
			children = (
				798692291940DA50001BA84E /* Migration-Test.app */,
				7986923F1940DA50001BA84E /* Migration-TestTests.xctest */,
			);
			name = Products;
			sourceTree = "<group>";
		};
		7986922B1940DA50001BA84E /* Migration-Test */ = {
			isa = PBXGroup;
			children = (
				798692301940DA50001BA84E /* AppDelegate.h */,
				798692311940DA50001BA84E /* AppDelegate.m */,
				798692331940DA50001BA84E /* ViewController.h */,
				798692341940DA50001BA84E /* ViewController.m */,
				798692361940DA50001BA84E /* Main.storyboard */,
				798692391940DA50001BA84E /* Images.xcassets */,
				7986922C1940DA50001BA84E /* Supporting Files */,
				798692511940DAE9001BA84E /* Swift.swift */,
				7986924F1940DAE8001BA84E /* Migration-Test-Bridging-Header.h */,
				798692501940DAE9001BA84E /* Migration-TestTests-Bridging-Header.h */,
				798692571940DB23001BA84E /* ObjC.h */,
				798692541940DB15001BA84E /* ObjC.m */,
			);
			path = "Migration-Test";
			sourceTree = "<group>";
		};
		7986922C1940DA50001BA84E /* Supporting Files */ = {
			isa = PBXGroup;
			children = (
				7986922D1940DA50001BA84E /* Info.plist */,
				7986922E1940DA50001BA84E /* main.m */,
			);
			name = "Supporting Files";
			sourceTree = "<group>";
		};
		798692421940DA50001BA84E /* Migration-TestTests */ = {
			isa = PBXGroup;
			children = (
				798692451940DA50001BA84E /* Migration_TestTests.m */,
				798692431940DA50001BA84E /* Supporting Files */,
			);
			path = "Migration-TestTests";
			sourceTree = "<group>";
		};
		798692431940DA50001BA84E /* Supporting Files */ = {
			isa = PBXGroup;
			children = (
				798692441940DA50001BA84E /* Info.plist */,
			);
			name = "Supporting Files";
			sourceTree = "<group>";
		};
/* End PBXGroup section */

/* Begin PBXNativeTarget section */
		798692281940DA50001BA84E /* Migration-Test */ = {
			isa = PBXNativeTarget;
			buildConfigurationList = 798692491940DA50001BA84E /* Build configuration list for PBXNativeTarget "Migration-Test" */;
			buildPhases = (
				798692251940DA50001BA84E /* Sources */,
				798692261940DA50001BA84E /* Frameworks */,
				798692271940DA50001BA84E /* Resources */,
			);
			buildRules = (
			);
			dependencies = (
			);
			name = "Migration-Test";
			productName = "Migration-Test";
			productReference = 798692291940DA50001BA84E /* Migration-Test.app */;
			productType = "com.apple.product-type.application";
		};
		7986923E1940DA50001BA84E /* Migration-TestTests */ = {
			isa = PBXNativeTarget;
			buildConfigurationList = 7986924C1940DA50001BA84E /* Build configuration list for PBXNativeTarget "Migration-TestTests" */;
			buildPhases = (
				7986923B1940DA50001BA84E /* Sources */,
				7986923C1940DA50001BA84E /* Frameworks */,
				7986923D1940DA50001BA84E /* Resources */,
			);
			buildRules = (
			);
			dependencies = (
				798692411940DA50001BA84E /* PBXTargetDependency */,
			);
			name = "Migration-TestTests";
			productName = "Migration-TestTests";
			productReference = 7986923F1940DA50001BA84E /* Migration-TestTests.xctest */;
			productType = "com.apple.product-type.bundle.unit-test";
		};
/* End PBXNativeTarget section */

/* Begin PBXProject section */
		798692211940DA50001BA84E /* Project object */ = {
			isa = PBXProject;
			attributes = {
				LastUpgradeCheck = 0600;
				ORGANIZATIONNAME = Bild;
				TargetAttributes = {
					798692281940DA50001BA84E = {
						CreatedOnToolsVersion = 6.0;
					};
					7986923E1940DA50001BA84E = {
						CreatedOnToolsVersion = 6.0;
						TestTargetID = 798692281940DA50001BA84E;
					};
				};
			};
			buildConfigurationList = 798692241940DA50001BA84E /* Build configuration list for PBXProject "Migration-Test" */;
			compatibilityVersion = "Xcode 3.2";
			developmentRegion = English;
			hasScannedForEncodings = 0;
			knownRegions = (
				en,
				Base,
			);
			mainGroup = 798692201940DA50001BA84E;
			productRefGroup = 7986922A1940DA50001BA84E /* Products */;
			projectDirPath = "";
			projectRoot = "";
			targets = (
				798692281940DA50001BA84E /* Migration-Test */,
				7986923E1940DA50001BA84E /* Migration-TestTests */,
			);
		};
/* End PBXProject section */

/* Begin PBXResourcesBuildPhase section */
		798692271940DA50001BA84E /* Resources */ = {
			isa = PBXResourcesBuildPhase;
			buildActionMask = 2147483647;
			files = (
				798692381940DA50001BA84E /* Main.storyboard in Resources */,
				7986923A1940DA50001BA84E /* Images.xcassets in Resources */,
			);
			runOnlyForDeploymentPostprocessing = 0;
		};
		7986923D1940DA50001BA84E /* Resources */ = {
			isa = PBXResourcesBuildPhase;
			buildActionMask = 2147483647;
			files = (
			);
			runOnlyForDeploymentPostprocessing = 0;
		};
/* End PBXResourcesBuildPhase section */

/* Begin PBXSourcesBuildPhase section */
		798692251940DA50001BA84E /* Sources */ = {
			isa = PBXSourcesBuildPhase;
			buildActionMask = 2147483647;
			files = (
				798692551940DB15001BA84E /* ObjC.m in Sources */,
				798692351940DA50001BA84E /* ViewController.m in Sources */,
				798692521940DAE9001BA84E /* Swift.swift in Sources */,
				798692321940DA50001BA84E /* AppDelegate.m in Sources */,
				7986922F1940DA50001BA84E /* main.m in Sources */,
			);
			runOnlyForDeploymentPostprocessing = 0;
		};
		7986923B1940DA50001BA84E /* Sources */ = {
			isa = PBXSourcesBuildPhase;
			buildActionMask = 2147483647;
			files = (
				798692461940DA50001BA84E /* Migration_TestTests.m in Sources */,
				798692531940DAE9001BA84E /* Swift.swift in Sources */,
				798692561940DB15001BA84E /* ObjC.m in Sources */,
			);
			runOnlyForDeploymentPostprocessing = 0;
		};
/* End PBXSourcesBuildPhase section */

/* Begin PBXTargetDependency section */
		798692411940DA50001BA84E /* PBXTargetDependency */ = {
			isa = PBXTargetDependency;
			target = 798692281940DA50001BA84E /* Migration-Test */;
			targetProxy = 798692401940DA50001BA84E /* PBXContainerItemProxy */;
		};
/* End PBXTargetDependency section */

/* Begin PBXVariantGroup section */
		798692361940DA50001BA84E /* Main.storyboard */ = {
			isa = PBXVariantGroup;
			children = (
				798692371940DA50001BA84E /* Base */,
			);
			name = Main.storyboard;
			sourceTree = "<group>";
		};
/* End PBXVariantGroup section */

/* Begin XCBuildConfiguration section */
		798692471940DA50001BA84E /* Debug */ = {
			isa = XCBuildConfiguration;
			buildSettings = {
				ALWAYS_SEARCH_USER_PATHS = NO;
				CLANG_CXX_LANGUAGE_STANDARD = "gnu++0x";
				CLANG_CXX_LIBRARY = "libc++";
				CLANG_ENABLE_MODULES = YES;
				CLANG_ENABLE_OBJC_ARC = YES;
				CLANG_WARN_BOOL_CONVERSION = YES;
				CLANG_WARN_CONSTANT_CONVERSION = YES;
				CLANG_WARN_DIRECT_OBJC_ISA_USAGE = YES_ERROR;
				CLANG_WARN_EMPTY_BODY = YES;
				CLANG_WARN_ENUM_CONVERSION = YES;
				CLANG_WARN_INT_CONVERSION = YES;
				CLANG_WARN_OBJC_ROOT_CLASS = YES_ERROR;
				CLANG_WARN_UNREACHABLE_CODE = YES;
				CLANG_WARN__DUPLICATE_METHOD_MATCH = YES;
				"CODE_SIGN_IDENTITY[sdk=iphoneos*]" = "iPhone Developer";
				COPY_PHASE_STRIP = NO;
				ENABLE_STRICT_OBJC_MSGSEND = YES;
				GCC_C_LANGUAGE_STANDARD = gnu99;
				GCC_DYNAMIC_NO_PIC = NO;
				GCC_OPTIMIZATION_LEVEL = 0;
				GCC_PREPROCESSOR_DEFINITIONS = (
					"DEBUG=1",
					"$(inherited)",
				);
				GCC_SYMBOLS_PRIVATE_EXTERN = NO;
				GCC_WARN_64_TO_32_BIT_CONVERSION = YES;
				GCC_WARN_ABOUT_RETURN_TYPE = YES_ERROR;
				GCC_WARN_UNDECLARED_SELECTOR = YES;
				GCC_WARN_UNINITIALIZED_AUTOS = YES_AGGRESSIVE;
				GCC_WARN_UNUSED_FUNCTION = YES;
				GCC_WARN_UNUSED_VARIABLE = YES;
				IPHONEOS_DEPLOYMENT_TARGET = 8.0;
				METAL_ENABLE_DEBUG_INFO = YES;
				ONLY_ACTIVE_ARCH = YES;
				SDKROOT = iphoneos;
			};
			name = Debug;
		};
		798692481940DA50001BA84E /* Release */ = {
			isa = XCBuildConfiguration;
			buildSettings = {
				ALWAYS_SEARCH_USER_PATHS = NO;
				CLANG_CXX_LANGUAGE_STANDARD = "gnu++0x";
				CLANG_CXX_LIBRARY = "libc++";
				CLANG_ENABLE_MODULES = YES;
				CLANG_ENABLE_OBJC_ARC = YES;
				CLANG_WARN_BOOL_CONVERSION = YES;
				CLANG_WARN_CONSTANT_CONVERSION = YES;
				CLANG_WARN_DIRECT_OBJC_ISA_USAGE = YES_ERROR;
				CLANG_WARN_EMPTY_BODY = YES;
				CLANG_WARN_ENUM_CONVERSION = YES;
				CLANG_WARN_INT_CONVERSION = YES;
				CLANG_WARN_OBJC_ROOT_CLASS = YES_ERROR;
				CLANG_WARN_UNREACHABLE_CODE = YES;
				CLANG_WARN__DUPLICATE_METHOD_MATCH = YES;
				"CODE_SIGN_IDENTITY[sdk=iphoneos*]" = "iPhone Developer";
				COPY_PHASE_STRIP = YES;
				ENABLE_NS_ASSERTIONS = NO;
				ENABLE_STRICT_OBJC_MSGSEND = YES;
				GCC_C_LANGUAGE_STANDARD = gnu99;
				GCC_WARN_64_TO_32_BIT_CONVERSION = YES;
				GCC_WARN_ABOUT_RETURN_TYPE = YES_ERROR;
				GCC_WARN_UNDECLARED_SELECTOR = YES;
				GCC_WARN_UNINITIALIZED_AUTOS = YES_AGGRESSIVE;
				GCC_WARN_UNUSED_FUNCTION = YES;
				GCC_WARN_UNUSED_VARIABLE = YES;
				IPHONEOS_DEPLOYMENT_TARGET = 8.0;
				METAL_ENABLE_DEBUG_INFO = NO;
				SDKROOT = iphoneos;
				VALIDATE_PRODUCT = YES;
			};
			name = Release;
		};
		7986924A1940DA50001BA84E /* Debug */ = {
			isa = XCBuildConfiguration;
			buildSettings = {
				ASSETCATALOG_COMPILER_APPICON_NAME = AppIcon;
				ASSETCATALOG_COMPILER_LAUNCHIMAGE_NAME = LaunchImage;
				CLANG_ENABLE_MODULES = YES;
				INFOPLIST_FILE = "Migration-Test/Info.plist";
				LD_RUNPATH_SEARCH_PATHS = "$(inherited) @executable_path/Frameworks";
				PRODUCT_NAME = "$(TARGET_NAME)";
				SWIFT_OBJC_BRIDGING_HEADER = "Migration-Test/Migration-Test-Bridging-Header.h";
				SWIFT_OPTIMIZATION_LEVEL = "-Onone";
			};
			name = Debug;
		};
		7986924B1940DA50001BA84E /* Release */ = {
			isa = XCBuildConfiguration;
			buildSettings = {
				ASSETCATALOG_COMPILER_APPICON_NAME = AppIcon;
				ASSETCATALOG_COMPILER_LAUNCHIMAGE_NAME = LaunchImage;
				CLANG_ENABLE_MODULES = YES;
				INFOPLIST_FILE = "Migration-Test/Info.plist";
				LD_RUNPATH_SEARCH_PATHS = "$(inherited) @executable_path/Frameworks";
				PRODUCT_NAME = "$(TARGET_NAME)";
				SWIFT_OBJC_BRIDGING_HEADER = "Migration-Test/Migration-Test-Bridging-Header.h";
			};
			name = Release;
		};
		7986924D1940DA50001BA84E /* Debug */ = {
			isa = XCBuildConfiguration;
			buildSettings = {
				BUNDLE_LOADER = "$(BUILT_PRODUCTS_DIR)/Migration-Test.app/Migration-Test";
				CLANG_ENABLE_MODULES = YES;
				FRAMEWORK_SEARCH_PATHS = (
					"$(SDKROOT)/Developer/Library/Frameworks",
					"$(inherited)",
				);
				GCC_PREPROCESSOR_DEFINITIONS = (
					"DEBUG=1",
					"$(inherited)",
				);
				INFOPLIST_FILE = "Migration-TestTests/Info.plist";
				LD_RUNPATH_SEARCH_PATHS = "$(inherited) @executable_path/Frameworks @loader_path/Frameworks";
				METAL_ENABLE_DEBUG_INFO = YES;
				PRODUCT_NAME = "$(TARGET_NAME)";
				SWIFT_OBJC_BRIDGING_HEADER = "Migration-Test/Migration-TestTests-Bridging-Header.h";
				SWIFT_OPTIMIZATION_LEVEL = "-Onone";
				TEST_HOST = "$(BUNDLE_LOADER)";
			};
			name = Debug;
		};
		7986924E1940DA50001BA84E /* Release */ = {
			isa = XCBuildConfiguration;
			buildSettings = {
				BUNDLE_LOADER = "$(BUILT_PRODUCTS_DIR)/Migration-Test.app/Migration-Test";
				CLANG_ENABLE_MODULES = YES;
				FRAMEWORK_SEARCH_PATHS = (
					"$(SDKROOT)/Developer/Library/Frameworks",
					"$(inherited)",
				);
				INFOPLIST_FILE = "Migration-TestTests/Info.plist";
				LD_RUNPATH_SEARCH_PATHS = "$(inherited) @executable_path/Frameworks @loader_path/Frameworks";
				METAL_ENABLE_DEBUG_INFO = NO;
				PRODUCT_NAME = "$(TARGET_NAME)";
				SWIFT_OBJC_BRIDGING_HEADER = "Migration-Test/Migration-TestTests-Bridging-Header.h";
				TEST_HOST = "$(BUNDLE_LOADER)";
			};
			name = Release;
		};
/* End XCBuildConfiguration section */

/* Begin XCConfigurationList section */
		798692241940DA50001BA84E /* Build configuration list for PBXProject "Migration-Test" */ = {
			isa = XCConfigurationList;
			buildConfigurations = (
				798692471940DA50001BA84E /* Debug */,
				798692481940DA50001BA84E /* Release */,
			);
			defaultConfigurationIsVisible = 0;
			defaultConfigurationName = Release;
		};
		798692491940DA50001BA84E /* Build configuration list for PBXNativeTarget "Migration-Test" */ = {
			isa = XCConfigurationList;
			buildConfigurations = (
				7986924A1940DA50001BA84E /* Debug */,
				7986924B1940DA50001BA84E /* Release */,
			);
			defaultConfigurationIsVisible = 0;
			defaultConfigurationName = Release;
		};
		7986924C1940DA50001BA84E /* Build configuration list for PBXNativeTarget "Migration-TestTests" */ = {
			isa = XCConfigurationList;
			buildConfigurations = (
				7986924D1940DA50001BA84E /* Debug */,
				7986924E1940DA50001BA84E /* Release */,
			);
			defaultConfigurationIsVisible = 0;
			defaultConfigurationName = Release;
		};
/* End XCConfigurationList section */
	};
	rootObject = 798692211940DA50001BA84E /* Project object */;
}
